
Microsoft Visual Studio Solution File, Format Version 12.00
# Visual Studio 15
VisualStudioVersion = 15.0.27428.2037
MinimumVisualStudioVersion = 10.0.40219.1
Project("{9A19103F-16F7-4668-BE54-9A1E7A4F7556}") = "CapsulaDoTempo", "CapsulaDoTempo\CapsulaDoTempo.csproj", "{9C7403E2-045C-4339-8A7C-764F671CA80A}"
EndProject
Project("{E53339B2-1760-4266-BCC7-CA923CBCF16C}") = "docker-compose", "docker-compose.dcproj", "{6CC0A059-0F5C-42D4-B4AE-4CD1F3E3EB41}"
EndProject
Project("{9A19103F-16F7-4668-BE54-9A1E7A4F7556}") = "Teste", "Teste\Teste.csproj", "{0A87E5D1-015A-4510-AB25-FF56E834646C}"
EndProject
Project("{9A19103F-16F7-4668-BE54-9A1E7A4F7556}") = "RepositorioMongo", "RepositorioMongo\RepositorioMongo.csproj", "{2750065A-D43F-4F13-A068-0E0544546088}"
EndProject
Project("{9A19103F-16F7-4668-BE54-9A1E7A4F7556}") = "CapsulaDoTempoUI", "CapsulaDoTempoUI\CapsulaDoTempoUI.csproj", "{E71AC9F6-4274-45F1-8C49-55A903AA7EDB}"
EndProject
Project("{2150E333-8FDC-42A3-9474-1A3956D46DE8}") = "0 - Presentation", "0 - Presentation", "{C85711A0-E6EF-445E-AAB1-213D40028423}"
EndProject
Project("{2150E333-8FDC-42A3-9474-1A3956D46DE8}") = "1 - Application", "1 - Application", "{0A80E409-0B04-4A4C-B7B0-4557BA197569}"
EndProject
Project("{2150E333-8FDC-42A3-9474-1A3956D46DE8}") = "2 - Domain", "2 - Domain", "{6D8C54E3-524F-4E59-8E7E-ABAE73F786DA}"
EndProject
Project("{2150E333-8FDC-42A3-9474-1A3956D46DE8}") = "3 - Infrastructure", "3 - Infrastructure", "{F2EBFD1E-2DD5-48CC-B61B-C72EE4D6B836}"
EndProject
Project("{9A19103F-16F7-4668-BE54-9A1E7A4F7556}") = "DomainModel", "..\DomainModel\DomainModel.csproj", "{77F0C72B-9B33-4FDC-A023-01EF259D254F}"
EndProject
Project("{9A19103F-16F7-4668-BE54-9A1E7A4F7556}") = "DomainService", "DomainService\DomainService.csproj", "{02DDF7DB-08E8-49A3-81B3-72746FA959A5}"
EndProject
Global
	GlobalSection(SolutionConfigurationPlatforms) = preSolution
		Debug|Any CPU = Debug|Any CPU
		Release|Any CPU = Release|Any CPU
	EndGlobalSection
	GlobalSection(ProjectConfigurationPlatforms) = postSolution
		{9C7403E2-045C-4339-8A7C-764F671CA80A}.Debug|Any CPU.ActiveCfg = Debug|Any CPU
		{9C7403E2-045C-4339-8A7C-764F671CA80A}.Debug|Any CPU.Build.0 = Debug|Any CPU
		{9C7403E2-045C-4339-8A7C-764F671CA80A}.Release|Any CPU.ActiveCfg = Release|Any CPU
		{9C7403E2-045C-4339-8A7C-764F671CA80A}.Release|Any CPU.Build.0 = Release|Any CPU
		{6CC0A059-0F5C-42D4-B4AE-4CD1F3E3EB41}.Debug|Any CPU.ActiveCfg = Debug|Any CPU
		{6CC0A059-0F5C-42D4-B4AE-4CD1F3E3EB41}.Debug|Any CPU.Build.0 = Debug|Any CPU
		{6CC0A059-0F5C-42D4-B4AE-4CD1F3E3EB41}.Release|Any CPU.ActiveCfg = Release|Any CPU
		{6CC0A059-0F5C-42D4-B4AE-4CD1F3E3EB41}.Release|Any CPU.Build.0 = Release|Any CPU
		{0A87E5D1-015A-4510-AB25-FF56E834646C}.Debug|Any CPU.ActiveCfg = Debug|Any CPU
		{0A87E5D1-015A-4510-AB25-FF56E834646C}.Debug|Any CPU.Build.0 = Debug|Any CPU
		{0A87E5D1-015A-4510-AB25-FF56E834646C}.Release|Any CPU.ActiveCfg = Release|Any CPU
		{0A87E5D1-015A-4510-AB25-FF56E834646C}.Release|Any CPU.Build.0 = Release|Any CPU
		{2750065A-D43F-4F13-A068-0E0544546088}.Debug|Any CPU.ActiveCfg = Debug|Any CPU
		{2750065A-D43F-4F13-A068-0E0544546088}.Debug|Any CPU.Build.0 = Debug|Any CPU
		{2750065A-D43F-4F13-A068-0E0544546088}.Release|Any CPU.ActiveCfg = Release|Any CPU
		{2750065A-D43F-4F13-A068-0E0544546088}.Release|Any CPU.Build.0 = Release|Any CPU
		{E71AC9F6-4274-45F1-8C49-55A903AA7EDB}.Debug|Any CPU.ActiveCfg = Debug|Any CPU
		{E71AC9F6-4274-45F1-8C49-55A903AA7EDB}.Debug|Any CPU.Build.0 = Debug|Any CPU
		{E71AC9F6-4274-45F1-8C49-55A903AA7EDB}.Release|Any CPU.ActiveCfg = Release|Any CPU
		{E71AC9F6-4274-45F1-8C49-55A903AA7EDB}.Release|Any CPU.Build.0 = Release|Any CPU
		{77F0C72B-9B33-4FDC-A023-01EF259D254F}.Debug|Any CPU.ActiveCfg = Debug|Any CPU
		{77F0C72B-9B33-4FDC-A023-01EF259D254F}.Debug|Any CPU.Build.0 = Debug|Any CPU
		{77F0C72B-9B33-4FDC-A023-01EF259D254F}.Release|Any CPU.ActiveCfg = Release|Any CPU
		{77F0C72B-9B33-4FDC-A023-01EF259D254F}.Release|Any CPU.Build.0 = Release|Any CPU
		{02DDF7DB-08E8-49A3-81B3-72746FA959A5}.Debug|Any CPU.ActiveCfg = Debug|Any CPU
		{02DDF7DB-08E8-49A3-81B3-72746FA959A5}.Debug|Any CPU.Build.0 = Debug|Any CPU
		{02DDF7DB-08E8-49A3-81B3-72746FA959A5}.Release|Any CPU.ActiveCfg = Release|Any CPU
		{02DDF7DB-08E8-49A3-81B3-72746FA959A5}.Release|Any CPU.Build.0 = Release|Any CPU
	EndGlobalSection
	GlobalSection(SolutionProperties) = preSolution
		HideSolutionNode = FALSE
	EndGlobalSection
	GlobalSection(NestedProjects) = preSolution
		{9C7403E2-045C-4339-8A7C-764F671CA80A} = {0A80E409-0B04-4A4C-B7B0-4557BA197569}
		{2750065A-D43F-4F13-A068-0E0544546088} = {F2EBFD1E-2DD5-48CC-B61B-C72EE4D6B836}
		{E71AC9F6-4274-45F1-8C49-55A903AA7EDB} = {C85711A0-E6EF-445E-AAB1-213D40028423}
		{77F0C72B-9B33-4FDC-A023-01EF259D254F} = {6D8C54E3-524F-4E59-8E7E-ABAE73F786DA}
		{02DDF7DB-08E8-49A3-81B3-72746FA959A5} = {6D8C54E3-524F-4E59-8E7E-ABAE73F786DA}
	EndGlobalSection
	GlobalSection(ExtensibilityGlobals) = postSolution
		SolutionGuid = {B0DB8E7E-8046-4200-BCEF-ECC00EF1EC76}
	EndGlobalSection
EndGlobal
